
Microsoft Visual Studio Solution File, Format Version 12.00
# Visual Studio Version 16
VisualStudioVersion = 16.0.29519.181
MinimumVisualStudioVersion = 10.0.40219.1
Project("{FAE04EC0-301F-11D3-BF4B-00C04F79EFBC}") = "ScarranMusic", "ScarranMusic\ScarranMusic.csproj", "{1B505ED1-F274-407E-AFAF-43220CBF7238}"
EndProject
Global
	GlobalSection(SolutionConfigurationPlatforms) = preSolution
		Debug|Any CPU = Debug|Any CPU
		Release|Any CPU = Release|Any CPU
	EndGlobalSection
	GlobalSection(ProjectConfigurationPlatforms) = postSolution
		{1B505ED1-F274-407E-AFAF-43220CBF7238}.Debug|Any CPU.ActiveCfg = Debug|Any CPU
		{1B505ED1-F274-407E-AFAF-43220CBF7238}.Debug|Any CPU.Build.0 = Debug|Any CPU
		{1B505ED1-F274-407E-AFAF-43220CBF7238}.Release|Any CPU.ActiveCfg = Release|Any CPU
		{1B505ED1-F274-407E-AFAF-43220CBF7238}.Release|Any CPU.Build.0 = Release|Any CPU
	EndGlobalSection
	GlobalSection(SolutionProperties) = preSolution
		HideSolutionNode = FALSE
	EndGlobalSection
	GlobalSection(ExtensibilityGlobals) = postSolution
		SolutionGuid = {F9B67EA3-6A5C-4CF6-AE56-13297B77AAAC}
	EndGlobalSection
EndGlobal
